// !$*UTF8*$!
{
	archiveVersion = 1;
	classes = {
	};
	objectVersion = 46;
	objects = {

/* Begin PBXBuildFile section */
		38709E5AABE1611F05390292 /* libPods-BSKToolsBoxDemoUITests.a in Frameworks */ = {isa = PBXBuildFile; fileRef = D80C0A04CEF7E0694A689900 /* libPods-BSKToolsBoxDemoUITests.a */; };
		3E005D96A6EC528D2F04B4B8 /* libPods-BSKToolsBoxDemoTests.a in Frameworks */ = {isa = PBXBuildFile; fileRef = B454733A3610CC7AA65E0955 /* libPods-BSKToolsBoxDemoTests.a */; };
		C41A441F1F38398D005C6BF2 /* NSString+BSKCheck.m in Sources */ = {isa = PBXBuildFile; fileRef = C41A441E1F38398D005C6BF2 /* NSString+BSKCheck.m */; };
		C44DC0ED1F19A956003EF7D6 /* main.m in Sources */ = {isa = PBXBuildFile; fileRef = C44DC0EC1F19A956003EF7D6 /* main.m */; };
		C44DC0F01F19A956003EF7D6 /* AppDelegate.m in Sources */ = {isa = PBXBuildFile; fileRef = C44DC0EF1F19A956003EF7D6 /* AppDelegate.m */; };
		C44DC0F31F19A956003EF7D6 /* ViewController.m in Sources */ = {isa = PBXBuildFile; fileRef = C44DC0F21F19A956003EF7D6 /* ViewController.m */; };
		C44DC0F61F19A956003EF7D6 /* Main.storyboard in Resources */ = {isa = PBXBuildFile; fileRef = C44DC0F41F19A956003EF7D6 /* Main.storyboard */; };
		C44DC0F81F19A956003EF7D6 /* Assets.xcassets in Resources */ = {isa = PBXBuildFile; fileRef = C44DC0F71F19A956003EF7D6 /* Assets.xcassets */; };
		C44DC0FB1F19A956003EF7D6 /* LaunchScreen.storyboard in Resources */ = {isa = PBXBuildFile; fileRef = C44DC0F91F19A956003EF7D6 /* LaunchScreen.storyboard */; };
		C44DC1061F19A956003EF7D6 /* BSKToolsBoxDemoTests.m in Sources */ = {isa = PBXBuildFile; fileRef = C44DC1051F19A956003EF7D6 /* BSKToolsBoxDemoTests.m */; };
		C44DC1111F19A956003EF7D6 /* BSKToolsBoxDemoUITests.m in Sources */ = {isa = PBXBuildFile; fileRef = C44DC1101F19A956003EF7D6 /* BSKToolsBoxDemoUITests.m */; };
		C44DC1251F19AA2A003EF7D6 /* NSString+BSKUtils.m in Sources */ = {isa = PBXBuildFile; fileRef = C44DC1241F19AA2A003EF7D6 /* NSString+BSKUtils.m */; };
		C44DC12B1F19ADE7003EF7D6 /* NSString+SHA.m in Sources */ = {isa = PBXBuildFile; fileRef = C44DC12A1F19ADE7003EF7D6 /* NSString+SHA.m */; };
		C44DC12E1F19BAED003EF7D6 /* NSSet+BSKUtils.m in Sources */ = {isa = PBXBuildFile; fileRef = C44DC12D1F19BAED003EF7D6 /* NSSet+BSKUtils.m */; };
		C44DC1341F19BDE6003EF7D6 /* BSKUtils.m in Sources */ = {isa = PBXBuildFile; fileRef = C44DC1331F19BDE6003EF7D6 /* BSKUtils.m */; };
		C44DC1371F19BE02003EF7D6 /* UIViewController+BSKToast.m in Sources */ = {isa = PBXBuildFile; fileRef = C44DC1361F19BE02003EF7D6 /* UIViewController+BSKToast.m */; };
		C455227A1F3D8EF500201567 /* BSKRadioButton.m in Sources */ = {isa = PBXBuildFile; fileRef = C45522791F3D8EF500201567 /* BSKRadioButton.m */; };
		C480CD271F57FB06005204C9 /* BSKSwitch.m in Sources */ = {isa = PBXBuildFile; fileRef = C480CD261F57FB06005204C9 /* BSKSwitch.m */; };
		C4858A821F1C573B00831C89 /* UIColor+BSKUtils.m in Sources */ = {isa = PBXBuildFile; fileRef = C4858A811F1C573B00831C89 /* UIColor+BSKUtils.m */; };
		C4858A851F1C5B1A00831C89 /* UIView+BSKUtils.m in Sources */ = {isa = PBXBuildFile; fileRef = C4858A841F1C5B1A00831C89 /* UIView+BSKUtils.m */; };
		C4858A881F1C5BE400831C89 /* NSObject+BSKUtils.m in Sources */ = {isa = PBXBuildFile; fileRef = C4858A871F1C5BE400831C89 /* NSObject+BSKUtils.m */; };
		C4858A9C1F1C64CC00831C89 /* BSKViewPager.m in Sources */ = {isa = PBXBuildFile; fileRef = C4858A961F1C64CC00831C89 /* BSKViewPager.m */; };
		C4858A9D1F1C64CC00831C89 /* BSKViewPagerCollectionViewCell.m in Sources */ = {isa = PBXBuildFile; fileRef = C4858A981F1C64CC00831C89 /* BSKViewPagerCollectionViewCell.m */; };
		C4858A9E1F1C64CC00831C89 /* BSKViewPagerCollectionViewCell.xib in Resources */ = {isa = PBXBuildFile; fileRef = C4858A991F1C64CC00831C89 /* BSKViewPagerCollectionViewCell.xib */; };
		C4858A9F1F1C64CC00831C89 /* BSKViewPagerFlowLayout.m in Sources */ = {isa = PBXBuildFile; fileRef = C4858A9B1F1C64CC00831C89 /* BSKViewPagerFlowLayout.m */; };
		C4858AA31F1C64F400831C89 /* BSKAlertView.m in Sources */ = {isa = PBXBuildFile; fileRef = C4858AA21F1C64F400831C89 /* BSKAlertView.m */; };
		C4858AAB1F1C682D00831C89 /* BSKDrawerViewController.m in Sources */ = {isa = PBXBuildFile; fileRef = C4858AAA1F1C682D00831C89 /* BSKDrawerViewController.m */; };
		C4C802B81F7F302400D68555 /* BSKViewPager.xcassets in Resources */ = {isa = PBXBuildFile; fileRef = C4C802B71F7F302400D68555 /* BSKViewPager.xcassets */; };
		F13056AFC538F72EEA309BCA /* libPods-BSKToolsBoxDemo.a in Frameworks */ = {isa = PBXBuildFile; fileRef = 150F40172F3FA990BEAFA48F /* libPods-BSKToolsBoxDemo.a */; };
/* End PBXBuildFile section */

/* Begin PBXContainerItemProxy section */
		C44DC1021F19A956003EF7D6 /* PBXContainerItemProxy */ = {
			isa = PBXContainerItemProxy;
			containerPortal = C44DC0E01F19A956003EF7D6 /* Project object */;
			proxyType = 1;
			remoteGlobalIDString = C44DC0E71F19A956003EF7D6;
			remoteInfo = BSKToolsBoxDemo;
		};
		C44DC10D1F19A956003EF7D6 /* PBXContainerItemProxy */ = {
			isa = PBXContainerItemProxy;
			containerPortal = C44DC0E01F19A956003EF7D6 /* Project object */;
			proxyType = 1;
			remoteGlobalIDString = C44DC0E71F19A956003EF7D6;
			remoteInfo = BSKToolsBoxDemo;
		};
/* End PBXContainerItemProxy section */

/* Begin PBXFileReference section */
		0CAB26B8D2CB74027C29CFA5 /* Pods-BSKToolsBoxDemoTests.release.xcconfig */ = {isa = PBXFileReference; includeInIndex = 1; lastKnownFileType = text.xcconfig; name = "Pods-BSKToolsBoxDemoTests.release.xcconfig"; path = "Pods/Target Support Files/Pods-BSKToolsBoxDemoTests/Pods-BSKToolsBoxDemoTests.release.xcconfig"; sourceTree = "<group>"; };
		150F40172F3FA990BEAFA48F /* libPods-BSKToolsBoxDemo.a */ = {isa = PBXFileReference; explicitFileType = archive.ar; includeInIndex = 0; path = "libPods-BSKToolsBoxDemo.a"; sourceTree = BUILT_PRODUCTS_DIR; };
		493E7C95AF88C7FEF1367771 /* Pods-BSKToolsBoxDemo.release.xcconfig */ = {isa = PBXFileReference; includeInIndex = 1; lastKnownFileType = text.xcconfig; name = "Pods-BSKToolsBoxDemo.release.xcconfig"; path = "Pods/Target Support Files/Pods-BSKToolsBoxDemo/Pods-BSKToolsBoxDemo.release.xcconfig"; sourceTree = "<group>"; };
		676A869E63CFB8114DB69244 /* Pods-BSKToolsBoxDemoUITests.release.xcconfig */ = {isa = PBXFileReference; includeInIndex = 1; lastKnownFileType = text.xcconfig; name = "Pods-BSKToolsBoxDemoUITests.release.xcconfig"; path = "Pods/Target Support Files/Pods-BSKToolsBoxDemoUITests/Pods-BSKToolsBoxDemoUITests.release.xcconfig"; sourceTree = "<group>"; };
		8A9AF628881100538B434BB2 /* Pods-BSKToolsBoxDemo.debug.xcconfig */ = {isa = PBXFileReference; includeInIndex = 1; lastKnownFileType = text.xcconfig; name = "Pods-BSKToolsBoxDemo.debug.xcconfig"; path = "Pods/Target Support Files/Pods-BSKToolsBoxDemo/Pods-BSKToolsBoxDemo.debug.xcconfig"; sourceTree = "<group>"; };
		9E4BBD568BD7F671A6DEC07E /* Pods-BSKToolsBoxDemoTests.debug.xcconfig */ = {isa = PBXFileReference; includeInIndex = 1; lastKnownFileType = text.xcconfig; name = "Pods-BSKToolsBoxDemoTests.debug.xcconfig"; path = "Pods/Target Support Files/Pods-BSKToolsBoxDemoTests/Pods-BSKToolsBoxDemoTests.debug.xcconfig"; sourceTree = "<group>"; };
		ADEFB37E9693083DFB094580 /* Pods-BSKToolsBoxDemoUITests.debug.xcconfig */ = {isa = PBXFileReference; includeInIndex = 1; lastKnownFileType = text.xcconfig; name = "Pods-BSKToolsBoxDemoUITests.debug.xcconfig"; path = "Pods/Target Support Files/Pods-BSKToolsBoxDemoUITests/Pods-BSKToolsBoxDemoUITests.debug.xcconfig"; sourceTree = "<group>"; };
		B454733A3610CC7AA65E0955 /* libPods-BSKToolsBoxDemoTests.a */ = {isa = PBXFileReference; explicitFileType = archive.ar; includeInIndex = 0; path = "libPods-BSKToolsBoxDemoTests.a"; sourceTree = BUILT_PRODUCTS_DIR; };
		C41A441D1F38398D005C6BF2 /* NSString+BSKCheck.h */ = {isa = PBXFileReference; fileEncoding = 4; lastKnownFileType = sourcecode.c.h; path = "NSString+BSKCheck.h"; sourceTree = "<group>"; };
		C41A441E1F38398D005C6BF2 /* NSString+BSKCheck.m */ = {isa = PBXFileReference; fileEncoding = 4; lastKnownFileType = sourcecode.c.objc; path = "NSString+BSKCheck.m"; sourceTree = "<group>"; };
		C44DC0E81F19A956003EF7D6 /* BSKToolsBoxDemo.app */ = {isa = PBXFileReference; explicitFileType = wrapper.application; includeInIndex = 0; path = BSKToolsBoxDemo.app; sourceTree = BUILT_PRODUCTS_DIR; };
		C44DC0EC1F19A956003EF7D6 /* main.m */ = {isa = PBXFileReference; lastKnownFileType = sourcecode.c.objc; path = main.m; sourceTree = "<group>"; };
		C44DC0EE1F19A956003EF7D6 /* AppDelegate.h */ = {isa = PBXFileReference; lastKnownFileType = sourcecode.c.h; path = AppDelegate.h; sourceTree = "<group>"; };
		C44DC0EF1F19A956003EF7D6 /* AppDelegate.m */ = {isa = PBXFileReference; lastKnownFileType = sourcecode.c.objc; path = AppDelegate.m; sourceTree = "<group>"; };
		C44DC0F11F19A956003EF7D6 /* ViewController.h */ = {isa = PBXFileReference; lastKnownFileType = sourcecode.c.h; path = ViewController.h; sourceTree = "<group>"; };
		C44DC0F21F19A956003EF7D6 /* ViewController.m */ = {isa = PBXFileReference; lastKnownFileType = sourcecode.c.objc; path = ViewController.m; sourceTree = "<group>"; };
		C44DC0F51F19A956003EF7D6 /* Base */ = {isa = PBXFileReference; lastKnownFileType = file.storyboard; name = Base; path = Base.lproj/Main.storyboard; sourceTree = "<group>"; };
		C44DC0F71F19A956003EF7D6 /* Assets.xcassets */ = {isa = PBXFileReference; lastKnownFileType = folder.assetcatalog; path = Assets.xcassets; sourceTree = "<group>"; };
		C44DC0FA1F19A956003EF7D6 /* Base */ = {isa = PBXFileReference; lastKnownFileType = file.storyboard; name = Base; path = Base.lproj/LaunchScreen.storyboard; sourceTree = "<group>"; };
		C44DC0FC1F19A956003EF7D6 /* Info.plist */ = {isa = PBXFileReference; lastKnownFileType = text.plist.xml; path = Info.plist; sourceTree = "<group>"; };
		C44DC1011F19A956003EF7D6 /* BSKToolsBoxDemoTests.xctest */ = {isa = PBXFileReference; explicitFileType = wrapper.cfbundle; includeInIndex = 0; path = BSKToolsBoxDemoTests.xctest; sourceTree = BUILT_PRODUCTS_DIR; };
		C44DC1051F19A956003EF7D6 /* BSKToolsBoxDemoTests.m */ = {isa = PBXFileReference; lastKnownFileType = sourcecode.c.objc; path = BSKToolsBoxDemoTests.m; sourceTree = "<group>"; };
		C44DC1071F19A956003EF7D6 /* Info.plist */ = {isa = PBXFileReference; lastKnownFileType = text.plist.xml; path = Info.plist; sourceTree = "<group>"; };
		C44DC10C1F19A956003EF7D6 /* BSKToolsBoxDemoUITests.xctest */ = {isa = PBXFileReference; explicitFileType = wrapper.cfbundle; includeInIndex = 0; path = BSKToolsBoxDemoUITests.xctest; sourceTree = BUILT_PRODUCTS_DIR; };
		C44DC1101F19A956003EF7D6 /* BSKToolsBoxDemoUITests.m */ = {isa = PBXFileReference; lastKnownFileType = sourcecode.c.objc; path = BSKToolsBoxDemoUITests.m; sourceTree = "<group>"; };
		C44DC1121F19A956003EF7D6 /* Info.plist */ = {isa = PBXFileReference; lastKnownFileType = text.plist.xml; path = Info.plist; sourceTree = "<group>"; };
		C44DC1231F19AA2A003EF7D6 /* NSString+BSKUtils.h */ = {isa = PBXFileReference; fileEncoding = 4; lastKnownFileType = sourcecode.c.h; path = "NSString+BSKUtils.h"; sourceTree = "<group>"; };
		C44DC1241F19AA2A003EF7D6 /* NSString+BSKUtils.m */ = {isa = PBXFileReference; fileEncoding = 4; lastKnownFileType = sourcecode.c.objc; path = "NSString+BSKUtils.m"; sourceTree = "<group>"; };
		C44DC1261F19ADB0003EF7D6 /* BSKUtils.h */ = {isa = PBXFileReference; fileEncoding = 4; lastKnownFileType = sourcecode.c.h; path = BSKUtils.h; sourceTree = "<group>"; };
		C44DC1291F19ADE7003EF7D6 /* NSString+SHA.h */ = {isa = PBXFileReference; fileEncoding = 4; lastKnownFileType = sourcecode.c.h; path = "NSString+SHA.h"; sourceTree = "<group>"; };
		C44DC12A1F19ADE7003EF7D6 /* NSString+SHA.m */ = {isa = PBXFileReference; fileEncoding = 4; lastKnownFileType = sourcecode.c.objc; path = "NSString+SHA.m"; sourceTree = "<group>"; };
		C44DC12C1F19BAED003EF7D6 /* NSSet+BSKUtils.h */ = {isa = PBXFileReference; fileEncoding = 4; lastKnownFileType = sourcecode.c.h; path = "NSSet+BSKUtils.h"; sourceTree = "<group>"; };
		C44DC12D1F19BAED003EF7D6 /* NSSet+BSKUtils.m */ = {isa = PBXFileReference; fileEncoding = 4; lastKnownFileType = sourcecode.c.objc; path = "NSSet+BSKUtils.m"; sourceTree = "<group>"; };
		C44DC1301F19BD95003EF7D6 /* BSKToolBox.h */ = {isa = PBXFileReference; fileEncoding = 4; lastKnownFileType = sourcecode.c.h; path = BSKToolBox.h; sourceTree = "<group>"; };
		C44DC1331F19BDE6003EF7D6 /* BSKUtils.m */ = {isa = PBXFileReference; fileEncoding = 4; lastKnownFileType = sourcecode.c.objc; path = BSKUtils.m; sourceTree = "<group>"; };
		C44DC1351F19BE02003EF7D6 /* UIViewController+BSKToast.h */ = {isa = PBXFileReference; fileEncoding = 4; lastKnownFileType = sourcecode.c.h; path = "UIViewController+BSKToast.h"; sourceTree = "<group>"; };
		C44DC1361F19BE02003EF7D6 /* UIViewController+BSKToast.m */ = {isa = PBXFileReference; fileEncoding = 4; lastKnownFileType = sourcecode.c.objc; path = "UIViewController+BSKToast.m"; sourceTree = "<group>"; };
		C44DC1381F19BEB1003EF7D6 /* BSKConstant.h */ = {isa = PBXFileReference; fileEncoding = 4; lastKnownFileType = sourcecode.c.h; path = BSKConstant.h; sourceTree = "<group>"; };
		C45522781F3D8EF500201567 /* BSKRadioButton.h */ = {isa = PBXFileReference; fileEncoding = 4; lastKnownFileType = sourcecode.c.h; path = BSKRadioButton.h; sourceTree = "<group>"; };
		C45522791F3D8EF500201567 /* BSKRadioButton.m */ = {isa = PBXFileReference; fileEncoding = 4; lastKnownFileType = sourcecode.c.objc; path = BSKRadioButton.m; sourceTree = "<group>"; };
		C480CD251F57FB06005204C9 /* BSKSwitch.h */ = {isa = PBXFileReference; fileEncoding = 4; lastKnownFileType = sourcecode.c.h; path = BSKSwitch.h; sourceTree = "<group>"; };
		C480CD261F57FB06005204C9 /* BSKSwitch.m */ = {isa = PBXFileReference; fileEncoding = 4; lastKnownFileType = sourcecode.c.objc; path = BSKSwitch.m; sourceTree = "<group>"; };
		C4858A801F1C573B00831C89 /* UIColor+BSKUtils.h */ = {isa = PBXFileReference; fileEncoding = 4; lastKnownFileType = sourcecode.c.h; path = "UIColor+BSKUtils.h"; sourceTree = "<group>"; };
		C4858A811F1C573B00831C89 /* UIColor+BSKUtils.m */ = {isa = PBXFileReference; fileEncoding = 4; lastKnownFileType = sourcecode.c.objc; path = "UIColor+BSKUtils.m"; sourceTree = "<group>"; };
		C4858A831F1C5B1A00831C89 /* UIView+BSKUtils.h */ = {isa = PBXFileReference; fileEncoding = 4; lastKnownFileType = sourcecode.c.h; path = "UIView+BSKUtils.h"; sourceTree = "<group>"; };
		C4858A841F1C5B1A00831C89 /* UIView+BSKUtils.m */ = {isa = PBXFileReference; fileEncoding = 4; lastKnownFileType = sourcecode.c.objc; path = "UIView+BSKUtils.m"; sourceTree = "<group>"; };
		C4858A861F1C5BE400831C89 /* NSObject+BSKUtils.h */ = {isa = PBXFileReference; fileEncoding = 4; lastKnownFileType = sourcecode.c.h; path = "NSObject+BSKUtils.h"; sourceTree = "<group>"; };
		C4858A871F1C5BE400831C89 /* NSObject+BSKUtils.m */ = {isa = PBXFileReference; fileEncoding = 4; lastKnownFileType = sourcecode.c.objc; path = "NSObject+BSKUtils.m"; sourceTree = "<group>"; };
		C4858A951F1C64CC00831C89 /* BSKViewPager.h */ = {isa = PBXFileReference; fileEncoding = 4; lastKnownFileType = sourcecode.c.h; path = BSKViewPager.h; sourceTree = "<group>"; };
		C4858A961F1C64CC00831C89 /* BSKViewPager.m */ = {isa = PBXFileReference; fileEncoding = 4; lastKnownFileType = sourcecode.c.objc; path = BSKViewPager.m; sourceTree = "<group>"; };
		C4858A971F1C64CC00831C89 /* BSKViewPagerCollectionViewCell.h */ = {isa = PBXFileReference; fileEncoding = 4; lastKnownFileType = sourcecode.c.h; path = BSKViewPagerCollectionViewCell.h; sourceTree = "<group>"; };
		C4858A981F1C64CC00831C89 /* BSKViewPagerCollectionViewCell.m */ = {isa = PBXFileReference; fileEncoding = 4; lastKnownFileType = sourcecode.c.objc; path = BSKViewPagerCollectionViewCell.m; sourceTree = "<group>"; };
		C4858A991F1C64CC00831C89 /* BSKViewPagerCollectionViewCell.xib */ = {isa = PBXFileReference; fileEncoding = 4; lastKnownFileType = file.xib; path = BSKViewPagerCollectionViewCell.xib; sourceTree = "<group>"; };
		C4858A9A1F1C64CC00831C89 /* BSKViewPagerFlowLayout.h */ = {isa = PBXFileReference; fileEncoding = 4; lastKnownFileType = sourcecode.c.h; path = BSKViewPagerFlowLayout.h; sourceTree = "<group>"; };
		C4858A9B1F1C64CC00831C89 /* BSKViewPagerFlowLayout.m */ = {isa = PBXFileReference; fileEncoding = 4; lastKnownFileType = sourcecode.c.objc; path = BSKViewPagerFlowLayout.m; sourceTree = "<group>"; };
		C4858AA11F1C64F400831C89 /* BSKAlertView.h */ = {isa = PBXFileReference; fileEncoding = 4; lastKnownFileType = sourcecode.c.h; path = BSKAlertView.h; sourceTree = "<group>"; };
		C4858AA21F1C64F400831C89 /* BSKAlertView.m */ = {isa = PBXFileReference; fileEncoding = 4; lastKnownFileType = sourcecode.c.objc; path = BSKAlertView.m; sourceTree = "<group>"; };
		C4858AA91F1C682D00831C89 /* BSKDrawerViewController.h */ = {isa = PBXFileReference; fileEncoding = 4; lastKnownFileType = sourcecode.c.h; path = BSKDrawerViewController.h; sourceTree = "<group>"; };
		C4858AAA1F1C682D00831C89 /* BSKDrawerViewController.m */ = {isa = PBXFileReference; fileEncoding = 4; lastKnownFileType = sourcecode.c.objc; path = BSKDrawerViewController.m; sourceTree = "<group>"; };
		C4C802B71F7F302400D68555 /* BSKViewPager.xcassets */ = {isa = PBXFileReference; lastKnownFileType = folder.assetcatalog; path = BSKViewPager.xcassets; sourceTree = "<group>"; };
		D80C0A04CEF7E0694A689900 /* libPods-BSKToolsBoxDemoUITests.a */ = {isa = PBXFileReference; explicitFileType = archive.ar; includeInIndex = 0; path = "libPods-BSKToolsBoxDemoUITests.a"; sourceTree = BUILT_PRODUCTS_DIR; };
/* End PBXFileReference section */

/* Begin PBXFrameworksBuildPhase section */
		C44DC0E51F19A956003EF7D6 /* Frameworks */ = {
			isa = PBXFrameworksBuildPhase;
			buildActionMask = 2147483647;
			files = (
				F13056AFC538F72EEA309BCA /* libPods-BSKToolsBoxDemo.a in Frameworks */,
			);
			runOnlyForDeploymentPostprocessing = 0;
		};
		C44DC0FE1F19A956003EF7D6 /* Frameworks */ = {
			isa = PBXFrameworksBuildPhase;
			buildActionMask = 2147483647;
			files = (
				3E005D96A6EC528D2F04B4B8 /* libPods-BSKToolsBoxDemoTests.a in Frameworks */,
			);
			runOnlyForDeploymentPostprocessing = 0;
		};
		C44DC1091F19A956003EF7D6 /* Frameworks */ = {
			isa = PBXFrameworksBuildPhase;
			buildActionMask = 2147483647;
			files = (
				38709E5AABE1611F05390292 /* libPods-BSKToolsBoxDemoUITests.a in Frameworks */,
			);
			runOnlyForDeploymentPostprocessing = 0;
		};
/* End PBXFrameworksBuildPhase section */

/* Begin PBXGroup section */
		52A15EAE7E1BF95176F821CA /* Frameworks */ = {
			isa = PBXGroup;
			children = (
				150F40172F3FA990BEAFA48F /* libPods-BSKToolsBoxDemo.a */,
				B454733A3610CC7AA65E0955 /* libPods-BSKToolsBoxDemoTests.a */,
				D80C0A04CEF7E0694A689900 /* libPods-BSKToolsBoxDemoUITests.a */,
			);
			name = Frameworks;
			sourceTree = "<group>";
		};
		C44DC0DF1F19A956003EF7D6 = {
			isa = PBXGroup;
			children = (
				C44DC11E1F19A9FF003EF7D6 /* BSKToolBox */,
				C44DC0EA1F19A956003EF7D6 /* BSKToolsBoxDemo */,
				C44DC1041F19A956003EF7D6 /* BSKToolsBoxDemoTests */,
				C44DC10F1F19A956003EF7D6 /* BSKToolsBoxDemoUITests */,
				C44DC0E91F19A956003EF7D6 /* Products */,
				F0EB63DFBC96325CCDBF6531 /* Pods */,
				52A15EAE7E1BF95176F821CA /* Frameworks */,
			);
			sourceTree = "<group>";
		};
		C44DC0E91F19A956003EF7D6 /* Products */ = {
			isa = PBXGroup;
			children = (
				C44DC0E81F19A956003EF7D6 /* BSKToolsBoxDemo.app */,
				C44DC1011F19A956003EF7D6 /* BSKToolsBoxDemoTests.xctest */,
				C44DC10C1F19A956003EF7D6 /* BSKToolsBoxDemoUITests.xctest */,
			);
			name = Products;
			sourceTree = "<group>";
		};
		C44DC0EA1F19A956003EF7D6 /* BSKToolsBoxDemo */ = {
			isa = PBXGroup;
			children = (
				C44DC0EE1F19A956003EF7D6 /* AppDelegate.h */,
				C44DC0EF1F19A956003EF7D6 /* AppDelegate.m */,
				C44DC0F11F19A956003EF7D6 /* ViewController.h */,
				C44DC0F21F19A956003EF7D6 /* ViewController.m */,
				C44DC0F41F19A956003EF7D6 /* Main.storyboard */,
				C44DC0F71F19A956003EF7D6 /* Assets.xcassets */,
				C44DC0F91F19A956003EF7D6 /* LaunchScreen.storyboard */,
				C44DC0FC1F19A956003EF7D6 /* Info.plist */,
				C44DC0EB1F19A956003EF7D6 /* Supporting Files */,
			);
			path = BSKToolsBoxDemo;
			sourceTree = "<group>";
		};
		C44DC0EB1F19A956003EF7D6 /* Supporting Files */ = {
			isa = PBXGroup;
			children = (
				C44DC0EC1F19A956003EF7D6 /* main.m */,
			);
			name = "Supporting Files";
			sourceTree = "<group>";
		};
		C44DC1041F19A956003EF7D6 /* BSKToolsBoxDemoTests */ = {
			isa = PBXGroup;
			children = (
				C44DC1051F19A956003EF7D6 /* BSKToolsBoxDemoTests.m */,
				C44DC1071F19A956003EF7D6 /* Info.plist */,
			);
			path = BSKToolsBoxDemoTests;
			sourceTree = "<group>";
		};
		C44DC10F1F19A956003EF7D6 /* BSKToolsBoxDemoUITests */ = {
			isa = PBXGroup;
			children = (
				C44DC1101F19A956003EF7D6 /* BSKToolsBoxDemoUITests.m */,
				C44DC1121F19A956003EF7D6 /* Info.plist */,
			);
			path = BSKToolsBoxDemoUITests;
			sourceTree = "<group>";
		};
		C44DC11E1F19A9FF003EF7D6 /* BSKToolBox */ = {
			isa = PBXGroup;
			children = (
				C44DC11F1F19A9FF003EF7D6 /* Category */,
				C44DC1201F19A9FF003EF7D6 /* Utils */,
				C44DC1211F19A9FF003EF7D6 /* View */,
				C44DC1221F19A9FF003EF7D6 /* ViewController */,
				C44DC1301F19BD95003EF7D6 /* BSKToolBox.h */,
				C44DC1381F19BEB1003EF7D6 /* BSKConstant.h */,
			);
			path = BSKToolBox;
			sourceTree = "<group>";
		};
		C44DC11F1F19A9FF003EF7D6 /* Category */ = {
			isa = PBXGroup;
			children = (
				C44DC1351F19BE02003EF7D6 /* UIViewController+BSKToast.h */,
				C44DC1361F19BE02003EF7D6 /* UIViewController+BSKToast.m */,
				C44DC1231F19AA2A003EF7D6 /* NSString+BSKUtils.h */,
				C44DC1241F19AA2A003EF7D6 /* NSString+BSKUtils.m */,
				C44DC1291F19ADE7003EF7D6 /* NSString+SHA.h */,
				C44DC12A1F19ADE7003EF7D6 /* NSString+SHA.m */,
				C44DC12C1F19BAED003EF7D6 /* NSSet+BSKUtils.h */,
				C44DC12D1F19BAED003EF7D6 /* NSSet+BSKUtils.m */,
				C4858A801F1C573B00831C89 /* UIColor+BSKUtils.h */,
				C4858A811F1C573B00831C89 /* UIColor+BSKUtils.m */,
				C4858A831F1C5B1A00831C89 /* UIView+BSKUtils.h */,
				C4858A841F1C5B1A00831C89 /* UIView+BSKUtils.m */,
				C4858A861F1C5BE400831C89 /* NSObject+BSKUtils.h */,
				C4858A871F1C5BE400831C89 /* NSObject+BSKUtils.m */,
				C41A441D1F38398D005C6BF2 /* NSString+BSKCheck.h */,
				C41A441E1F38398D005C6BF2 /* NSString+BSKCheck.m */,
			);
			path = Category;
			sourceTree = "<group>";
		};
		C44DC1201F19A9FF003EF7D6 /* Utils */ = {
			isa = PBXGroup;
			children = (
				C44DC1261F19ADB0003EF7D6 /* BSKUtils.h */,
				C44DC1331F19BDE6003EF7D6 /* BSKUtils.m */,
			);
			path = Utils;
			sourceTree = "<group>";
		};
		C44DC1211F19A9FF003EF7D6 /* View */ = {
			isa = PBXGroup;
			children = (
				C480CD241F57FAF0005204C9 /* BSKSwitch */,
				C45522771F3D8EEE00201567 /* BSKRadioButton */,
				C4858AA01F1C64E600831C89 /* BSKAlertView */,
				C4858A941F1C64CC00831C89 /* BSKViewPager */,
			);
			path = View;
			sourceTree = "<group>";
		};
		C44DC1221F19A9FF003EF7D6 /* ViewController */ = {
			isa = PBXGroup;
			children = (
				C4858AA91F1C682D00831C89 /* BSKDrawerViewController.h */,
				C4858AAA1F1C682D00831C89 /* BSKDrawerViewController.m */,
			);
			path = ViewController;
			sourceTree = "<group>";
		};
		C45522771F3D8EEE00201567 /* BSKRadioButton */ = {
			isa = PBXGroup;
			children = (
				C45522781F3D8EF500201567 /* BSKRadioButton.h */,
				C45522791F3D8EF500201567 /* BSKRadioButton.m */,
			);
			path = BSKRadioButton;
			sourceTree = "<group>";
		};
		C480CD241F57FAF0005204C9 /* BSKSwitch */ = {
			isa = PBXGroup;
			children = (
				C480CD251F57FB06005204C9 /* BSKSwitch.h */,
				C480CD261F57FB06005204C9 /* BSKSwitch.m */,
			);
			path = BSKSwitch;
			sourceTree = "<group>";
		};
		C4858A941F1C64CC00831C89 /* BSKViewPager */ = {
			isa = PBXGroup;
			children = (
				C4858A951F1C64CC00831C89 /* BSKViewPager.h */,
				C4858A961F1C64CC00831C89 /* BSKViewPager.m */,
				C4858A971F1C64CC00831C89 /* BSKViewPagerCollectionViewCell.h */,
				C4858A981F1C64CC00831C89 /* BSKViewPagerCollectionViewCell.m */,
				C4858A991F1C64CC00831C89 /* BSKViewPagerCollectionViewCell.xib */,
				C4858A9A1F1C64CC00831C89 /* BSKViewPagerFlowLayout.h */,
				C4858A9B1F1C64CC00831C89 /* BSKViewPagerFlowLayout.m */,
				C4C802B71F7F302400D68555 /* BSKViewPager.xcassets */,
			);
			path = BSKViewPager;
			sourceTree = "<group>";
		};
		C4858AA01F1C64E600831C89 /* BSKAlertView */ = {
			isa = PBXGroup;
			children = (
				C4858AA11F1C64F400831C89 /* BSKAlertView.h */,
				C4858AA21F1C64F400831C89 /* BSKAlertView.m */,
			);
			path = BSKAlertView;
			sourceTree = "<group>";
		};
		F0EB63DFBC96325CCDBF6531 /* Pods */ = {
			isa = PBXGroup;
			children = (
				8A9AF628881100538B434BB2 /* Pods-BSKToolsBoxDemo.debug.xcconfig */,
				493E7C95AF88C7FEF1367771 /* Pods-BSKToolsBoxDemo.release.xcconfig */,
				9E4BBD568BD7F671A6DEC07E /* Pods-BSKToolsBoxDemoTests.debug.xcconfig */,
				0CAB26B8D2CB74027C29CFA5 /* Pods-BSKToolsBoxDemoTests.release.xcconfig */,
				ADEFB37E9693083DFB094580 /* Pods-BSKToolsBoxDemoUITests.debug.xcconfig */,
				676A869E63CFB8114DB69244 /* Pods-BSKToolsBoxDemoUITests.release.xcconfig */,
			);
			name = Pods;
			sourceTree = "<group>";
		};
/* End PBXGroup section */

/* Begin PBXNativeTarget section */
		C44DC0E71F19A956003EF7D6 /* BSKToolsBoxDemo */ = {
			isa = PBXNativeTarget;
			buildConfigurationList = C44DC1151F19A956003EF7D6 /* Build configuration list for PBXNativeTarget "BSKToolsBoxDemo" */;
			buildPhases = (
				ACC7FF179DF07A7E9BF76287 /* [CP] Check Pods Manifest.lock */,
				C44DC0E41F19A956003EF7D6 /* Sources */,
				C44DC0E51F19A956003EF7D6 /* Frameworks */,
				C44DC0E61F19A956003EF7D6 /* Resources */,
				B9FA4864994F439E449B47F7 /* [CP] Embed Pods Frameworks */,
				F7E7CB6FD6EE70ACDCC79244 /* [CP] Copy Pods Resources */,
			);
			buildRules = (
			);
			dependencies = (
			);
			name = BSKToolsBoxDemo;
			productName = BSKToolsBoxDemo;
			productReference = C44DC0E81F19A956003EF7D6 /* BSKToolsBoxDemo.app */;
			productType = "com.apple.product-type.application";
		};
		C44DC1001F19A956003EF7D6 /* BSKToolsBoxDemoTests */ = {
			isa = PBXNativeTarget;
			buildConfigurationList = C44DC1181F19A956003EF7D6 /* Build configuration list for PBXNativeTarget "BSKToolsBoxDemoTests" */;
			buildPhases = (
				F2E18EBBA4197EF011DE8A19 /* [CP] Check Pods Manifest.lock */,
				C44DC0FD1F19A956003EF7D6 /* Sources */,
				C44DC0FE1F19A956003EF7D6 /* Frameworks */,
				C44DC0FF1F19A956003EF7D6 /* Resources */,
				795DE8D1E66D8778D6A06993 /* [CP] Embed Pods Frameworks */,
				E9571EA618DF0716D3956A81 /* [CP] Copy Pods Resources */,
			);
			buildRules = (
			);
			dependencies = (
				C44DC1031F19A956003EF7D6 /* PBXTargetDependency */,
			);
			name = BSKToolsBoxDemoTests;
			productName = BSKToolsBoxDemoTests;
			productReference = C44DC1011F19A956003EF7D6 /* BSKToolsBoxDemoTests.xctest */;
			productType = "com.apple.product-type.bundle.unit-test";
		};
		C44DC10B1F19A956003EF7D6 /* BSKToolsBoxDemoUITests */ = {
			isa = PBXNativeTarget;
			buildConfigurationList = C44DC11B1F19A956003EF7D6 /* Build configuration list for PBXNativeTarget "BSKToolsBoxDemoUITests" */;
			buildPhases = (
				A73043DE4758BEE26D7C6711 /* [CP] Check Pods Manifest.lock */,
				C44DC1081F19A956003EF7D6 /* Sources */,
				C44DC1091F19A956003EF7D6 /* Frameworks */,
				C44DC10A1F19A956003EF7D6 /* Resources */,
				C59585BA7C0F7F66A9645D04 /* [CP] Embed Pods Frameworks */,
				F789FB5738DAF18C7FF19DAF /* [CP] Copy Pods Resources */,
			);
			buildRules = (
			);
			dependencies = (
				C44DC10E1F19A956003EF7D6 /* PBXTargetDependency */,
			);
			name = BSKToolsBoxDemoUITests;
			productName = BSKToolsBoxDemoUITests;
			productReference = C44DC10C1F19A956003EF7D6 /* BSKToolsBoxDemoUITests.xctest */;
			productType = "com.apple.product-type.bundle.ui-testing";
		};
/* End PBXNativeTarget section */

/* Begin PBXProject section */
		C44DC0E01F19A956003EF7D6 /* Project object */ = {
			isa = PBXProject;
			attributes = {
				LastUpgradeCheck = 0900;
				ORGANIZATIONNAME = BlueSky335;
				TargetAttributes = {
					C44DC0E71F19A956003EF7D6 = {
						CreatedOnToolsVersion = 8.3.2;
						DevelopmentTeam = EM3XGA7J6B;
						ProvisioningStyle = Automatic;
					};
					C44DC1001F19A956003EF7D6 = {
						CreatedOnToolsVersion = 8.3.2;
						DevelopmentTeam = EM3XGA7J6B;
						ProvisioningStyle = Automatic;
						TestTargetID = C44DC0E71F19A956003EF7D6;
					};
					C44DC10B1F19A956003EF7D6 = {
						CreatedOnToolsVersion = 8.3.2;
						DevelopmentTeam = EM3XGA7J6B;
						ProvisioningStyle = Automatic;
						TestTargetID = C44DC0E71F19A956003EF7D6;
					};
				};
			};
			buildConfigurationList = C44DC0E31F19A956003EF7D6 /* Build configuration list for PBXProject "BSKToolsBoxDemo" */;
			compatibilityVersion = "Xcode 3.2";
			developmentRegion = English;
			hasScannedForEncodings = 0;
			knownRegions = (
				en,
				Base,
			);
			mainGroup = C44DC0DF1F19A956003EF7D6;
			productRefGroup = C44DC0E91F19A956003EF7D6 /* Products */;
			projectDirPath = "";
			projectRoot = "";
			targets = (
				C44DC0E71F19A956003EF7D6 /* BSKToolsBoxDemo */,
				C44DC1001F19A956003EF7D6 /* BSKToolsBoxDemoTests */,
				C44DC10B1F19A956003EF7D6 /* BSKToolsBoxDemoUITests */,
			);
		};
/* End PBXProject section */

/* Begin PBXResourcesBuildPhase section */
		C44DC0E61F19A956003EF7D6 /* Resources */ = {
			isa = PBXResourcesBuildPhase;
			buildActionMask = 2147483647;
			files = (
				C4858A9E1F1C64CC00831C89 /* BSKViewPagerCollectionViewCell.xib in Resources */,
				C4C802B81F7F302400D68555 /* BSKViewPager.xcassets in Resources */,
				C44DC0FB1F19A956003EF7D6 /* LaunchScreen.storyboard in Resources */,
				C44DC0F81F19A956003EF7D6 /* Assets.xcassets in Resources */,
				C44DC0F61F19A956003EF7D6 /* Main.storyboard in Resources */,
			);
			runOnlyForDeploymentPostprocessing = 0;
		};
		C44DC0FF1F19A956003EF7D6 /* Resources */ = {
			isa = PBXResourcesBuildPhase;
			buildActionMask = 2147483647;
			files = (
			);
			runOnlyForDeploymentPostprocessing = 0;
		};
		C44DC10A1F19A956003EF7D6 /* Resources */ = {
			isa = PBXResourcesBuildPhase;
			buildActionMask = 2147483647;
			files = (
			);
			runOnlyForDeploymentPostprocessing = 0;
		};
/* End PBXResourcesBuildPhase section */

/* Begin PBXShellScriptBuildPhase section */
		795DE8D1E66D8778D6A06993 /* [CP] Embed Pods Frameworks */ = {
			isa = PBXShellScriptBuildPhase;
			buildActionMask = 2147483647;
			files = (
			);
			inputPaths = (
			);
			name = "[CP] Embed Pods Frameworks";
			outputPaths = (
			);
			runOnlyForDeploymentPostprocessing = 0;
			shellPath = /bin/sh;
			shellScript = "\"${SRCROOT}/Pods/Target Support Files/Pods-BSKToolsBoxDemoTests/Pods-BSKToolsBoxDemoTests-frameworks.sh\"\n";
			showEnvVarsInLog = 0;
		};
		A73043DE4758BEE26D7C6711 /* [CP] Check Pods Manifest.lock */ = {
			isa = PBXShellScriptBuildPhase;
			buildActionMask = 2147483647;
			files = (
			);
			inputPaths = (
				"${PODS_PODFILE_DIR_PATH}/Podfile.lock",
				"${PODS_ROOT}/Manifest.lock",
			);
			name = "[CP] Check Pods Manifest.lock";
			outputPaths = (
				"$(DERIVED_FILE_DIR)/Pods-BSKToolsBoxDemoUITests-checkManifestLockResult.txt",
			);
			runOnlyForDeploymentPostprocessing = 0;
			shellPath = /bin/sh;
			shellScript = "diff \"${PODS_PODFILE_DIR_PATH}/Podfile.lock\" \"${PODS_ROOT}/Manifest.lock\" > /dev/null\nif [ $? != 0 ] ; then\n    # print error to STDERR\n    echo \"error: The sandbox is not in sync with the Podfile.lock. Run 'pod install' or update your CocoaPods installation.\" >&2\n    exit 1\nfi\n# This output is used by Xcode 'outputs' to avoid re-running this script phase.\necho \"SUCCESS\" > \"${SCRIPT_OUTPUT_FILE_0}\"\n";
			showEnvVarsInLog = 0;
		};
		ACC7FF179DF07A7E9BF76287 /* [CP] Check Pods Manifest.lock */ = {
			isa = PBXShellScriptBuildPhase;
			buildActionMask = 2147483647;
			files = (
			);
			inputPaths = (
				"${PODS_PODFILE_DIR_PATH}/Podfile.lock",
				"${PODS_ROOT}/Manifest.lock",
			);
			name = "[CP] Check Pods Manifest.lock";
			outputPaths = (
				"$(DERIVED_FILE_DIR)/Pods-BSKToolsBoxDemo-checkManifestLockResult.txt",
			);
			runOnlyForDeploymentPostprocessing = 0;
			shellPath = /bin/sh;
			shellScript = "diff \"${PODS_PODFILE_DIR_PATH}/Podfile.lock\" \"${PODS_ROOT}/Manifest.lock\" > /dev/null\nif [ $? != 0 ] ; then\n    # print error to STDERR\n    echo \"error: The sandbox is not in sync with the Podfile.lock. Run 'pod install' or update your CocoaPods installation.\" >&2\n    exit 1\nfi\n# This output is used by Xcode 'outputs' to avoid re-running this script phase.\necho \"SUCCESS\" > \"${SCRIPT_OUTPUT_FILE_0}\"\n";
			showEnvVarsInLog = 0;
		};
		B9FA4864994F439E449B47F7 /* [CP] Embed Pods Frameworks */ = {
			isa = PBXShellScriptBuildPhase;
			buildActionMask = 2147483647;
			files = (
			);
			inputPaths = (
			);
			name = "[CP] Embed Pods Frameworks";
			outputPaths = (
			);
			runOnlyForDeploymentPostprocessing = 0;
			shellPath = /bin/sh;
			shellScript = "\"${SRCROOT}/Pods/Target Support Files/Pods-BSKToolsBoxDemo/Pods-BSKToolsBoxDemo-frameworks.sh\"\n";
			showEnvVarsInLog = 0;
		};
		C59585BA7C0F7F66A9645D04 /* [CP] Embed Pods Frameworks */ = {
			isa = PBXShellScriptBuildPhase;
			buildActionMask = 2147483647;
			files = (
			);
			inputPaths = (
			);
			name = "[CP] Embed Pods Frameworks";
			outputPaths = (
			);
			runOnlyForDeploymentPostprocessing = 0;
			shellPath = /bin/sh;
			shellScript = "\"${SRCROOT}/Pods/Target Support Files/Pods-BSKToolsBoxDemoUITests/Pods-BSKToolsBoxDemoUITests-frameworks.sh\"\n";
			showEnvVarsInLog = 0;
		};
		E9571EA618DF0716D3956A81 /* [CP] Copy Pods Resources */ = {
			isa = PBXShellScriptBuildPhase;
			buildActionMask = 2147483647;
			files = (
			);
			inputPaths = (
			);
			name = "[CP] Copy Pods Resources";
			outputPaths = (
			);
			runOnlyForDeploymentPostprocessing = 0;
			shellPath = /bin/sh;
			shellScript = "\"${SRCROOT}/Pods/Target Support Files/Pods-BSKToolsBoxDemoTests/Pods-BSKToolsBoxDemoTests-resources.sh\"\n";
			showEnvVarsInLog = 0;
		};
		F2E18EBBA4197EF011DE8A19 /* [CP] Check Pods Manifest.lock */ = {
			isa = PBXShellScriptBuildPhase;
			buildActionMask = 2147483647;
			files = (
			);
			inputPaths = (
				"${PODS_PODFILE_DIR_PATH}/Podfile.lock",
				"${PODS_ROOT}/Manifest.lock",
			);
			name = "[CP] Check Pods Manifest.lock";
			outputPaths = (
				"$(DERIVED_FILE_DIR)/Pods-BSKToolsBoxDemoTests-checkManifestLockResult.txt",
			);
			runOnlyForDeploymentPostprocessing = 0;
			shellPath = /bin/sh;
			shellScript = "diff \"${PODS_PODFILE_DIR_PATH}/Podfile.lock\" \"${PODS_ROOT}/Manifest.lock\" > /dev/null\nif [ $? != 0 ] ; then\n    # print error to STDERR\n    echo \"error: The sandbox is not in sync with the Podfile.lock. Run 'pod install' or update your CocoaPods installation.\" >&2\n    exit 1\nfi\n# This output is used by Xcode 'outputs' to avoid re-running this script phase.\necho \"SUCCESS\" > \"${SCRIPT_OUTPUT_FILE_0}\"\n";
			showEnvVarsInLog = 0;
		};
		F789FB5738DAF18C7FF19DAF /* [CP] Copy Pods Resources */ = {
			isa = PBXShellScriptBuildPhase;
			buildActionMask = 2147483647;
			files = (
			);
			inputPaths = (
			);
			name = "[CP] Copy Pods Resources";
			outputPaths = (
			);
			runOnlyForDeploymentPostprocessing = 0;
			shellPath = /bin/sh;
			shellScript = "\"${SRCROOT}/Pods/Target Support Files/Pods-BSKToolsBoxDemoUITests/Pods-BSKToolsBoxDemoUITests-resources.sh\"\n";
			showEnvVarsInLog = 0;
		};
		F7E7CB6FD6EE70ACDCC79244 /* [CP] Copy Pods Resources */ = {
			isa = PBXShellScriptBuildPhase;
			buildActionMask = 2147483647;
			files = (
			);
			inputPaths = (
			);
			name = "[CP] Copy Pods Resources";
			outputPaths = (
			);
			runOnlyForDeploymentPostprocessing = 0;
			shellPath = /bin/sh;
			shellScript = "\"${SRCROOT}/Pods/Target Support Files/Pods-BSKToolsBoxDemo/Pods-BSKToolsBoxDemo-resources.sh\"\n";
			showEnvVarsInLog = 0;
		};
/* End PBXShellScriptBuildPhase section */

/* Begin PBXSourcesBuildPhase section */
		C44DC0E41F19A956003EF7D6 /* Sources */ = {
			isa = PBXSourcesBuildPhase;
			buildActionMask = 2147483647;
			files = (
				C4858A851F1C5B1A00831C89 /* UIView+BSKUtils.m in Sources */,
				C44DC0F31F19A956003EF7D6 /* ViewController.m in Sources */,
				C44DC1371F19BE02003EF7D6 /* UIViewController+BSKToast.m in Sources */,
				C41A441F1F38398D005C6BF2 /* NSString+BSKCheck.m in Sources */,
				C44DC12E1F19BAED003EF7D6 /* NSSet+BSKUtils.m in Sources */,
				C480CD271F57FB06005204C9 /* BSKSwitch.m in Sources */,
				C44DC0F01F19A956003EF7D6 /* AppDelegate.m in Sources */,
				C455227A1F3D8EF500201567 /* BSKRadioButton.m in Sources */,
				C4858A821F1C573B00831C89 /* UIColor+BSKUtils.m in Sources */,
				C4858A9D1F1C64CC00831C89 /* BSKViewPagerCollectionViewCell.m in Sources */,
				C4858A9F1F1C64CC00831C89 /* BSKViewPagerFlowLayout.m in Sources */,
				C4858AAB1F1C682D00831C89 /* BSKDrawerViewController.m in Sources */,
				C44DC1251F19AA2A003EF7D6 /* NSString+BSKUtils.m in Sources */,
				C4858AA31F1C64F400831C89 /* BSKAlertView.m in Sources */,
				C4858A9C1F1C64CC00831C89 /* BSKViewPager.m in Sources */,
				C44DC0ED1F19A956003EF7D6 /* main.m in Sources */,
				C44DC12B1F19ADE7003EF7D6 /* NSString+SHA.m in Sources */,
				C44DC1341F19BDE6003EF7D6 /* BSKUtils.m in Sources */,
				C4858A881F1C5BE400831C89 /* NSObject+BSKUtils.m in Sources */,
			);
			runOnlyForDeploymentPostprocessing = 0;
		};
		C44DC0FD1F19A956003EF7D6 /* Sources */ = {
			isa = PBXSourcesBuildPhase;
			buildActionMask = 2147483647;
			files = (
				C44DC1061F19A956003EF7D6 /* BSKToolsBoxDemoTests.m in Sources */,
			);
			runOnlyForDeploymentPostprocessing = 0;
		};
		C44DC1081F19A956003EF7D6 /* Sources */ = {
			isa = PBXSourcesBuildPhase;
			buildActionMask = 2147483647;
			files = (
				C44DC1111F19A956003EF7D6 /* BSKToolsBoxDemoUITests.m in Sources */,
			);
			runOnlyForDeploymentPostprocessing = 0;
		};
/* End PBXSourcesBuildPhase section */

/* Begin PBXTargetDependency section */
		C44DC1031F19A956003EF7D6 /* PBXTargetDependency */ = {
			isa = PBXTargetDependency;
			target = C44DC0E71F19A956003EF7D6 /* BSKToolsBoxDemo */;
			targetProxy = C44DC1021F19A956003EF7D6 /* PBXContainerItemProxy */;
		};
		C44DC10E1F19A956003EF7D6 /* PBXTargetDependency */ = {
			isa = PBXTargetDependency;
			target = C44DC0E71F19A956003EF7D6 /* BSKToolsBoxDemo */;
			targetProxy = C44DC10D1F19A956003EF7D6 /* PBXContainerItemProxy */;
		};
/* End PBXTargetDependency section */

/* Begin PBXVariantGroup section */
		C44DC0F41F19A956003EF7D6 /* Main.storyboard */ = {
			isa = PBXVariantGroup;
			children = (
				C44DC0F51F19A956003EF7D6 /* Base */,
			);
			name = Main.storyboard;
			sourceTree = "<group>";
		};
		C44DC0F91F19A956003EF7D6 /* LaunchScreen.storyboard */ = {
			isa = PBXVariantGroup;
			children = (
				C44DC0FA1F19A956003EF7D6 /* Base */,
			);
			name = LaunchScreen.storyboard;
			sourceTree = "<group>";
		};
/* End PBXVariantGroup section */

/* Begin XCBuildConfiguration section */
		C44DC1131F19A956003EF7D6 /* Debug */ = {
			isa = XCBuildConfiguration;
			buildSettings = {
				ALWAYS_SEARCH_USER_PATHS = NO;
				CLANG_ANALYZER_NONNULL = YES;
				CLANG_ANALYZER_NUMBER_OBJECT_CONVERSION = YES_AGGRESSIVE;
				CLANG_CXX_LANGUAGE_STANDARD = "gnu++0x";
				CLANG_CXX_LIBRARY = "libc++";
				CLANG_ENABLE_MODULES = YES;
				CLANG_ENABLE_OBJC_ARC = YES;
				CLANG_WARN_BLOCK_CAPTURE_AUTORELEASING = YES;
				CLANG_WARN_BOOL_CONVERSION = YES;
				CLANG_WARN_COMMA = YES;
				CLANG_WARN_CONSTANT_CONVERSION = YES;
				CLANG_WARN_DIRECT_OBJC_ISA_USAGE = YES_ERROR;
				CLANG_WARN_DOCUMENTATION_COMMENTS = YES;
				CLANG_WARN_EMPTY_BODY = YES;
				CLANG_WARN_ENUM_CONVERSION = YES;
				CLANG_WARN_INFINITE_RECURSION = YES;
				CLANG_WARN_INT_CONVERSION = YES;
				CLANG_WARN_NON_LITERAL_NULL_CONVERSION = YES;
				CLANG_WARN_OBJC_LITERAL_CONVERSION = YES;
				CLANG_WARN_OBJC_ROOT_CLASS = YES_ERROR;
				CLANG_WARN_RANGE_LOOP_ANALYSIS = YES;
				CLANG_WARN_STRICT_PROTOTYPES = YES;
				CLANG_WARN_SUSPICIOUS_MOVE = YES;
				CLANG_WARN_UNREACHABLE_CODE = YES;
				CLANG_WARN__DUPLICATE_METHOD_MATCH = YES;
				"CODE_SIGN_IDENTITY[sdk=iphoneos*]" = "iPhone Developer";
				COPY_PHASE_STRIP = NO;
				DEBUG_INFORMATION_FORMAT = dwarf;
				ENABLE_STRICT_OBJC_MSGSEND = YES;
				ENABLE_TESTABILITY = YES;
				GCC_C_LANGUAGE_STANDARD = gnu99;
				GCC_DYNAMIC_NO_PIC = NO;
				GCC_NO_COMMON_BLOCKS = YES;
				GCC_OPTIMIZATION_LEVEL = 0;
				GCC_PREPROCESSOR_DEFINITIONS = (
					"DEBUG=1",
					"$(inherited)",
				);
				GCC_WARN_64_TO_32_BIT_CONVERSION = YES;
				GCC_WARN_ABOUT_RETURN_TYPE = YES_ERROR;
				GCC_WARN_UNDECLARED_SELECTOR = YES;
				GCC_WARN_UNINITIALIZED_AUTOS = YES_AGGRESSIVE;
				GCC_WARN_UNUSED_FUNCTION = YES;
				GCC_WARN_UNUSED_VARIABLE = YES;
				IPHONEOS_DEPLOYMENT_TARGET = 10.3;
				MTL_ENABLE_DEBUG_INFO = YES;
				ONLY_ACTIVE_ARCH = YES;
				SDKROOT = iphoneos;
			};
			name = Debug;
		};
		C44DC1141F19A956003EF7D6 /* Release */ = {
			isa = XCBuildConfiguration;
			buildSettings = {
				ALWAYS_SEARCH_USER_PATHS = NO;
				CLANG_ANALYZER_NONNULL = YES;
				CLANG_ANALYZER_NUMBER_OBJECT_CONVERSION = YES_AGGRESSIVE;
				CLANG_CXX_LANGUAGE_STANDARD = "gnu++0x";
				CLANG_CXX_LIBRARY = "libc++";
				CLANG_ENABLE_MODULES = YES;
				CLANG_ENABLE_OBJC_ARC = YES;
				CLANG_WARN_BLOCK_CAPTURE_AUTORELEASING = YES;
				CLANG_WARN_BOOL_CONVERSION = YES;
				CLANG_WARN_COMMA = YES;
				CLANG_WARN_CONSTANT_CONVERSION = YES;
				CLANG_WARN_DIRECT_OBJC_ISA_USAGE = YES_ERROR;
				CLANG_WARN_DOCUMENTATION_COMMENTS = YES;
				CLANG_WARN_EMPTY_BODY = YES;
				CLANG_WARN_ENUM_CONVERSION = YES;
				CLANG_WARN_INFINITE_RECURSION = YES;
				CLANG_WARN_INT_CONVERSION = YES;
				CLANG_WARN_NON_LITERAL_NULL_CONVERSION = YES;
				CLANG_WARN_OBJC_LITERAL_CONVERSION = YES;
				CLANG_WARN_OBJC_ROOT_CLASS = YES_ERROR;
				CLANG_WARN_RANGE_LOOP_ANALYSIS = YES;
				CLANG_WARN_STRICT_PROTOTYPES = YES;
				CLANG_WARN_SUSPICIOUS_MOVE = YES;
				CLANG_WARN_UNREACHABLE_CODE = YES;
				CLANG_WARN__DUPLICATE_METHOD_MATCH = YES;
				"CODE_SIGN_IDENTITY[sdk=iphoneos*]" = "iPhone Developer";
				COPY_PHASE_STRIP = NO;
				DEBUG_INFORMATION_FORMAT = "dwarf-with-dsym";
				ENABLE_NS_ASSERTIONS = NO;
				ENABLE_STRICT_OBJC_MSGSEND = YES;
				GCC_C_LANGUAGE_STANDARD = gnu99;
				GCC_NO_COMMON_BLOCKS = YES;
				GCC_WARN_64_TO_32_BIT_CONVERSION = YES;
				GCC_WARN_ABOUT_RETURN_TYPE = YES_ERROR;
				GCC_WARN_UNDECLARED_SELECTOR = YES;
				GCC_WARN_UNINITIALIZED_AUTOS = YES_AGGRESSIVE;
				GCC_WARN_UNUSED_FUNCTION = YES;
				GCC_WARN_UNUSED_VARIABLE = YES;
				IPHONEOS_DEPLOYMENT_TARGET = 10.3;
				MTL_ENABLE_DEBUG_INFO = NO;
				SDKROOT = iphoneos;
				VALIDATE_PRODUCT = YES;
			};
			name = Release;
		};
		C44DC1161F19A956003EF7D6 /* Debug */ = {
			isa = XCBuildConfiguration;
			baseConfigurationReference = 8A9AF628881100538B434BB2 /* Pods-BSKToolsBoxDemo.debug.xcconfig */;
			buildSettings = {
				ASSETCATALOG_COMPILER_APPICON_NAME = AppIcon;
				DEVELOPMENT_TEAM = EM3XGA7J6B;
				INFOPLIST_FILE = BSKToolsBoxDemo/Info.plist;
				IPHONEOS_DEPLOYMENT_TARGET = 9.0;
				LD_RUNPATH_SEARCH_PATHS = "$(inherited) @executable_path/Frameworks";
				PRODUCT_BUNDLE_IDENTIFIER = cn.liuwanlin..BSKToolsBoxDemo;
				PRODUCT_NAME = "$(TARGET_NAME)";
			};
			name = Debug;
		};
		C44DC1171F19A956003EF7D6 /* Release */ = {
			isa = XCBuildConfiguration;
			baseConfigurationReference = 493E7C95AF88C7FEF1367771 /* Pods-BSKToolsBoxDemo.release.xcconfig */;
			buildSettings = {
				ASSETCATALOG_COMPILER_APPICON_NAME = AppIcon;
				DEVELOPMENT_TEAM = EM3XGA7J6B;
				INFOPLIST_FILE = BSKToolsBoxDemo/Info.plist;
				IPHONEOS_DEPLOYMENT_TARGET = 9.0;
				LD_RUNPATH_SEARCH_PATHS = "$(inherited) @executable_path/Frameworks";
				PRODUCT_BUNDLE_IDENTIFIER = cn.liuwanlin..BSKToolsBoxDemo;
				PRODUCT_NAME = "$(TARGET_NAME)";
			};
			name = Release;
		};
		C44DC1191F19A956003EF7D6 /* Debug */ = {
			isa = XCBuildConfiguration;
			baseConfigurationReference = 9E4BBD568BD7F671A6DEC07E /* Pods-BSKToolsBoxDemoTests.debug.xcconfig */;
			buildSettings = {
				BUNDLE_LOADER = "$(TEST_HOST)";
				DEVELOPMENT_TEAM = EM3XGA7J6B;
				INFOPLIST_FILE = BSKToolsBoxDemoTests/Info.plist;
				LD_RUNPATH_SEARCH_PATHS = "$(inherited) @executable_path/Frameworks @loader_path/Frameworks";
				PRODUCT_BUNDLE_IDENTIFIER = cn.liuwanlin..BSKToolsBoxDemoTests;
				PRODUCT_NAME = "$(TARGET_NAME)";
				TEST_HOST = "$(BUILT_PRODUCTS_DIR)/BSKToolsBoxDemo.app/BSKToolsBoxDemo";
			};
			name = Debug;
		};
		C44DC11A1F19A956003EF7D6 /* Release */ = {
			isa = XCBuildConfiguration;
			baseConfigurationReference = 0CAB26B8D2CB74027C29CFA5 /* Pods-BSKToolsBoxDemoTests.release.xcconfig */;
			buildSettings = {
				BUNDLE_LOADER = "$(TEST_HOST)";
				DEVELOPMENT_TEAM = EM3XGA7J6B;
				INFOPLIST_FILE = BSKToolsBoxDemoTests/Info.plist;
				LD_RUNPATH_SEARCH_PATHS = "$(inherited) @executable_path/Frameworks @loader_path/Frameworks";
				PRODUCT_BUNDLE_IDENTIFIER = cn.liuwanlin..BSKToolsBoxDemoTests;
				PRODUCT_NAME = "$(TARGET_NAME)";
				TEST_HOST = "$(BUILT_PRODUCTS_DIR)/BSKToolsBoxDemo.app/BSKToolsBoxDemo";
			};
			name = Release;
		};
		C44DC11C1F19A956003EF7D6 /* Debug */ = {
			isa = XCBuildConfiguration;
			baseConfigurationReference = ADEFB37E9693083DFB094580 /* Pods-BSKToolsBoxDemoUITests.debug.xcconfig */;
			buildSettings = {
				DEVELOPMENT_TEAM = EM3XGA7J6B;
				INFOPLIST_FILE = BSKToolsBoxDemoUITests/Info.plist;
				LD_RUNPATH_SEARCH_PATHS = "$(inherited) @executable_path/Frameworks @loader_path/Frameworks";
				PRODUCT_BUNDLE_IDENTIFIER = cn.liuwanlin..BSKToolsBoxDemoUITests;
				PRODUCT_NAME = "$(TARGET_NAME)";
				TEST_TARGET_NAME = BSKToolsBoxDemo;
			};
			name = Debug;
		};
		C44DC11D1F19A956003EF7D6 /* Release */ = {
			isa = XCBuildConfiguration;
			baseConfigurationReference = 676A869E63CFB8114DB69244 /* Pods-BSKToolsBoxDemoUITests.release.xcconfig */;
			buildSettings = {
				DEVELOPMENT_TEAM = EM3XGA7J6B;
				INFOPLIST_FILE = BSKToolsBoxDemoUITests/Info.plist;
				LD_RUNPATH_SEARCH_PATHS = "$(inherited) @executable_path/Frameworks @loader_path/Frameworks";
				PRODUCT_BUNDLE_IDENTIFIER = cn.liuwanlin..BSKToolsBoxDemoUITests;
				PRODUCT_NAME = "$(TARGET_NAME)";
				TEST_TARGET_NAME = BSKToolsBoxDemo;
			};
			name = Release;
		};
/* End XCBuildConfiguration section */

/* Begin XCConfigurationList section */
		C44DC0E31F19A956003EF7D6 /* Build configuration list for PBXProject "BSKToolsBoxDemo" */ = {
			isa = XCConfigurationList;
			buildConfigurations = (
				C44DC1131F19A956003EF7D6 /* Debug */,
				C44DC1141F19A956003EF7D6 /* Release */,
			);
			defaultConfigurationIsVisible = 0;
			defaultConfigurationName = Release;
		};
		C44DC1151F19A956003EF7D6 /* Build configuration list for PBXNativeTarget "BSKToolsBoxDemo" */ = {
			isa = XCConfigurationList;
			buildConfigurations = (
				C44DC1161F19A956003EF7D6 /* Debug */,
				C44DC1171F19A956003EF7D6 /* Release */,
			);
			defaultConfigurationIsVisible = 0;
			defaultConfigurationName = Release;
		};
		C44DC1181F19A956003EF7D6 /* Build configuration list for PBXNativeTarget "BSKToolsBoxDemoTests" */ = {
			isa = XCConfigurationList;
			buildConfigurations = (
				C44DC1191F19A956003EF7D6 /* Debug */,
				C44DC11A1F19A956003EF7D6 /* Release */,
			);
			defaultConfigurationIsVisible = 0;
			defaultConfigurationName = Release;
		};
		C44DC11B1F19A956003EF7D6 /* Build configuration list for PBXNativeTarget "BSKToolsBoxDemoUITests" */ = {
			isa = XCConfigurationList;
			buildConfigurations = (
				C44DC11C1F19A956003EF7D6 /* Debug */,
				C44DC11D1F19A956003EF7D6 /* Release */,
			);
			defaultConfigurationIsVisible = 0;
			defaultConfigurationName = Release;
		};
/* End XCConfigurationList section */
	};
	rootObject = C44DC0E01F19A956003EF7D6 /* Project object */;
}
